// !$*UTF8*$!
{
	archiveVersion = 1;
	classes = {
	};
	objectVersion = 55;
	objects = {

/* Begin PBXBuildFile section */
		BDEB1AB227E4DCE1005F0C56 /* NormalApp.swift in Sources */ = {isa = PBXBuildFile; fileRef = BDEB1AB127E4DCE1005F0C56 /* NormalApp.swift */; };
		BDEB1AB627E4DCE4005F0C56 /* Assets.xcassets in Resources */ = {isa = PBXBuildFile; fileRef = BDEB1AB527E4DCE4005F0C56 /* Assets.xcassets */; };
		BDEB1B4327E4E647005F0C56 /* Shared.framework in Frameworks */ = {isa = PBXBuildFile; fileRef = BDEB1B4227E4E647005F0C56 /* Shared.framework */; };
		BDEB1B4427E4E647005F0C56 /* Shared.framework in Embed Frameworks */ = {isa = PBXBuildFile; fileRef = BDEB1B4227E4E647005F0C56 /* Shared.framework */; settings = {ATTRIBUTES = (CodeSignOnCopy, RemoveHeadersOnCopy, ); }; };
		BDEB1B4727E4ED15005F0C56 /* MasterView.swift in Sources */ = {isa = PBXBuildFile; fileRef = BDEB1B4627E4ED15005F0C56 /* MasterView.swift */; };
		BDEB1B4927E4ED20005F0C56 /* MasterViewModel.swift in Sources */ = {isa = PBXBuildFile; fileRef = BDEB1B4827E4ED20005F0C56 /* MasterViewModel.swift */; };
		BDEB1B4B27E4ED32005F0C56 /* DetailView.swift in Sources */ = {isa = PBXBuildFile; fileRef = BDEB1B4A27E4ED32005F0C56 /* DetailView.swift */; };
		BDEB1B4D27E4ED3B005F0C56 /* DetailViewModel.swift in Sources */ = {isa = PBXBuildFile; fileRef = BDEB1B4C27E4ED3B005F0C56 /* DetailViewModel.swift */; };
		BDEB1B5B27E5C224005F0C56 /* AppDelegate.swift in Sources */ = {isa = PBXBuildFile; fileRef = BDEB1B5A27E5C224005F0C56 /* AppDelegate.swift */; };
/* End PBXBuildFile section */

/* Begin PBXCopyFilesBuildPhase section */
		BDEB1B4527E4E647005F0C56 /* Embed Frameworks */ = {
			isa = PBXCopyFilesBuildPhase;
			buildActionMask = 2147483647;
			dstPath = "";
			dstSubfolderSpec = 10;
			files = (
				BDEB1B4427E4E647005F0C56 /* Shared.framework in Embed Frameworks */,
			);
			name = "Embed Frameworks";
			runOnlyForDeploymentPostprocessing = 0;
		};
/* End PBXCopyFilesBuildPhase section */

/* Begin PBXFileReference section */
		BDEB1AAE27E4DCE1005F0C56 /* Normal.app */ = {isa = PBXFileReference; explicitFileType = wrapper.application; includeInIndex = 0; path = Normal.app; sourceTree = BUILT_PRODUCTS_DIR; };
		BDEB1AB127E4DCE1005F0C56 /* NormalApp.swift */ = {isa = PBXFileReference; lastKnownFileType = sourcecode.swift; path = NormalApp.swift; sourceTree = "<group>"; };
		BDEB1AB527E4DCE4005F0C56 /* Assets.xcassets */ = {isa = PBXFileReference; lastKnownFileType = folder.assetcatalog; path = Assets.xcassets; sourceTree = "<group>"; };
		BDEB1B4227E4E647005F0C56 /* Shared.framework */ = {isa = PBXFileReference; explicitFileType = wrapper.framework; path = Shared.framework; sourceTree = BUILT_PRODUCTS_DIR; };
		BDEB1B4627E4ED15005F0C56 /* MasterView.swift */ = {isa = PBXFileReference; lastKnownFileType = sourcecode.swift; path = MasterView.swift; sourceTree = "<group>"; };
		BDEB1B4827E4ED20005F0C56 /* MasterViewModel.swift */ = {isa = PBXFileReference; lastKnownFileType = sourcecode.swift; path = MasterViewModel.swift; sourceTree = "<group>"; };
		BDEB1B4A27E4ED32005F0C56 /* DetailView.swift */ = {isa = PBXFileReference; lastKnownFileType = sourcecode.swift; path = DetailView.swift; sourceTree = "<group>"; };
		BDEB1B4C27E4ED3B005F0C56 /* DetailViewModel.swift */ = {isa = PBXFileReference; lastKnownFileType = sourcecode.swift; path = DetailViewModel.swift; sourceTree = "<group>"; };
		BDEB1B5A27E5C224005F0C56 /* AppDelegate.swift */ = {isa = PBXFileReference; lastKnownFileType = sourcecode.swift; path = AppDelegate.swift; sourceTree = "<group>"; };
/* End PBXFileReference section */

/* Begin PBXFrameworksBuildPhase section */
		BDEB1AAB27E4DCE1005F0C56 /* Frameworks */ = {
			isa = PBXFrameworksBuildPhase;
			buildActionMask = 2147483647;
			files = (
				BDEB1B4327E4E647005F0C56 /* Shared.framework in Frameworks */,
			);
			runOnlyForDeploymentPostprocessing = 0;
		};
/* End PBXFrameworksBuildPhase section */

/* Begin PBXGroup section */
		BDEB1AA527E4DCE1005F0C56 = {
			isa = PBXGroup;
			children = (
				BDEB1AB027E4DCE1005F0C56 /* Normal */,
				BDEB1AAF27E4DCE1005F0C56 /* Products */,
				BDEB1B4127E4E647005F0C56 /* Frameworks */,
			);
			sourceTree = "<group>";
		};
		BDEB1AAF27E4DCE1005F0C56 /* Products */ = {
			isa = PBXGroup;
			children = (
				BDEB1AAE27E4DCE1005F0C56 /* Normal.app */,
			);
			name = Products;
			sourceTree = "<group>";
		};
		BDEB1AB027E4DCE1005F0C56 /* Normal */ = {
			isa = PBXGroup;
			children = (
				BDEB1AB127E4DCE1005F0C56 /* NormalApp.swift */,
				BDEB1B5A27E5C224005F0C56 /* AppDelegate.swift */,
				BDEB1B4F27E4ED51005F0C56 /* Views */,
				BDEB1B4E27E4ED44005F0C56 /* View Models */,
				BDEB1AB527E4DCE4005F0C56 /* Assets.xcassets */,
			);
			path = Normal;
			sourceTree = "<group>";
		};
		BDEB1B4127E4E647005F0C56 /* Frameworks */ = {
			isa = PBXGroup;
			children = (
				BDEB1B4227E4E647005F0C56 /* Shared.framework */,
			);
			name = Frameworks;
			sourceTree = "<group>";
		};
		BDEB1B4E27E4ED44005F0C56 /* View Models */ = {
			isa = PBXGroup;
			children = (
				BDEB1B4827E4ED20005F0C56 /* MasterViewModel.swift */,
				BDEB1B4C27E4ED3B005F0C56 /* DetailViewModel.swift */,
			);
			path = "View Models";
			sourceTree = "<group>";
		};
		BDEB1B4F27E4ED51005F0C56 /* Views */ = {
			isa = PBXGroup;
			children = (
				BDEB1B4627E4ED15005F0C56 /* MasterView.swift */,
				BDEB1B4A27E4ED32005F0C56 /* DetailView.swift */,
			);
			path = Views;
			sourceTree = "<group>";
		};
/* End PBXGroup section */

/* Begin PBXNativeTarget section */
		BDEB1AAD27E4DCE1005F0C56 /* Normal */ = {
			isa = PBXNativeTarget;
			buildConfigurationList = BDEB1ABC27E4DCE4005F0C56 /* Build configuration list for PBXNativeTarget "Normal" */;
			buildPhases = (
				BDEB1AAA27E4DCE1005F0C56 /* Sources */,
				BDEB1AAB27E4DCE1005F0C56 /* Frameworks */,
				BDEB1AAC27E4DCE1005F0C56 /* Resources */,
				BDEB1B4527E4E647005F0C56 /* Embed Frameworks */,
			);
			buildRules = (
			);
			dependencies = (
			);
			name = Normal;
			productName = Normal;
			productReference = BDEB1AAE27E4DCE1005F0C56 /* Normal.app */;
			productType = "com.apple.product-type.application";
		};
/* End PBXNativeTarget section */

/* Begin PBXProject section */
		BDEB1AA627E4DCE1005F0C56 /* Project object */ = {
			isa = PBXProject;
			attributes = {
				BuildIndependentTargetsInParallel = 1;
				LastSwiftUpdateCheck = 1320;
				LastUpgradeCheck = 1320;
				TargetAttributes = {
					BDEB1AAD27E4DCE1005F0C56 = {
						CreatedOnToolsVersion = 13.2.1;
					};
				};
			};
			buildConfigurationList = BDEB1AA927E4DCE1005F0C56 /* Build configuration list for PBXProject "Normal" */;
			compatibilityVersion = "Xcode 13.0";
			developmentRegion = en;
			hasScannedForEncodings = 0;
			knownRegions = (
				en,
				Base,
			);
			mainGroup = BDEB1AA527E4DCE1005F0C56;
			productRefGroup = BDEB1AAF27E4DCE1005F0C56 /* Products */;
			projectDirPath = "";
			projectRoot = "";
			targets = (
				BDEB1AAD27E4DCE1005F0C56 /* Normal */,
			);
		};
/* End PBXProject section */

/* Begin PBXResourcesBuildPhase section */
		BDEB1AAC27E4DCE1005F0C56 /* Resources */ = {
			isa = PBXResourcesBuildPhase;
			buildActionMask = 2147483647;
			files = (
				BDEB1AB627E4DCE4005F0C56 /* Assets.xcassets in Resources */,
			);
			runOnlyForDeploymentPostprocessing = 0;
		};
/* End PBXResourcesBuildPhase section */

/* Begin PBXSourcesBuildPhase section */
		BDEB1AAA27E4DCE1005F0C56 /* Sources */ = {
			isa = PBXSourcesBuildPhase;
			buildActionMask = 2147483647;
			files = (
				BDEB1B5B27E5C224005F0C56 /* AppDelegate.swift in Sources */,
				BDEB1B4927E4ED20005F0C56 /* MasterViewModel.swift in Sources */,
				BDEB1B4D27E4ED3B005F0C56 /* DetailViewModel.swift in Sources */,
				BDEB1B4727E4ED15005F0C56 /* MasterView.swift in Sources */,
				BDEB1B4B27E4ED32005F0C56 /* DetailView.swift in Sources */,
				BDEB1AB227E4DCE1005F0C56 /* NormalApp.swift in Sources */,
			);
			runOnlyForDeploymentPostprocessing = 0;
		};
/* End PBXSourcesBuildPhase section */

/* Begin XCBuildConfiguration section */
		BDEB1ABA27E4DCE4005F0C56 /* Debug */ = {
			isa = XCBuildConfiguration;
			buildSettings = {
				ALWAYS_SEARCH_USER_PATHS = NO;
				CLANG_ANALYZER_NONNULL = YES;
				CLANG_ANALYZER_NUMBER_OBJECT_CONVERSION = YES_AGGRESSIVE;
				CLANG_CXX_LANGUAGE_STANDARD = "gnu++17";
				CLANG_CXX_LIBRARY = "libc++";
				CLANG_ENABLE_MODULES = YES;
				CLANG_ENABLE_OBJC_ARC = YES;
				CLANG_ENABLE_OBJC_WEAK = YES;
				CLANG_WARN_BLOCK_CAPTURE_AUTORELEASING = YES;
				CLANG_WARN_BOOL_CONVERSION = YES;
				CLANG_WARN_COMMA = YES;
				CLANG_WARN_CONSTANT_CONVERSION = YES;
				CLANG_WARN_DEPRECATED_OBJC_IMPLEMENTATIONS = YES;
				CLANG_WARN_DIRECT_OBJC_ISA_USAGE = YES_ERROR;
				CLANG_WARN_DOCUMENTATION_COMMENTS = YES;
				CLANG_WARN_EMPTY_BODY = YES;
				CLANG_WARN_ENUM_CONVERSION = YES;
				CLANG_WARN_INFINITE_RECURSION = YES;
				CLANG_WARN_INT_CONVERSION = YES;
				CLANG_WARN_NON_LITERAL_NULL_CONVERSION = YES;
				CLANG_WARN_OBJC_IMPLICIT_RETAIN_SELF = YES;
				CLANG_WARN_OBJC_LITERAL_CONVERSION = YES;
				CLANG_WARN_OBJC_ROOT_CLASS = YES_ERROR;
				CLANG_WARN_QUOTED_INCLUDE_IN_FRAMEWORK_HEADER = YES;
				CLANG_WARN_RANGE_LOOP_ANALYSIS = YES;
				CLANG_WARN_STRICT_PROTOTYPES = YES;
				CLANG_WARN_SUSPICIOUS_MOVE = YES;
				CLANG_WARN_UNGUARDED_AVAILABILITY = YES_AGGRESSIVE;
				CLANG_WARN_UNREACHABLE_CODE = YES;
				CLANG_WARN__DUPLICATE_METHOD_MATCH = YES;
				COPY_PHASE_STRIP = NO;
				DEBUG_INFORMATION_FORMAT = dwarf;
				ENABLE_STRICT_OBJC_MSGSEND = YES;
				ENABLE_TESTABILITY = YES;
				GCC_C_LANGUAGE_STANDARD = gnu11;
				GCC_DYNAMIC_NO_PIC = NO;
				GCC_NO_COMMON_BLOCKS = YES;
				GCC_OPTIMIZATION_LEVEL = 0;
				GCC_PREPROCESSOR_DEFINITIONS = (
					"DEBUG=1",
					"$(inherited)",
				);
				GCC_WARN_64_TO_32_BIT_CONVERSION = YES;
				GCC_WARN_ABOUT_RETURN_TYPE = YES_ERROR;
				GCC_WARN_UNDECLARED_SELECTOR = YES;
				GCC_WARN_UNINITIALIZED_AUTOS = YES_AGGRESSIVE;
				GCC_WARN_UNUSED_FUNCTION = YES;
				GCC_WARN_UNUSED_VARIABLE = YES;
				IPHONEOS_DEPLOYMENT_TARGET = 15.2;
				MTL_ENABLE_DEBUG_INFO = INCLUDE_SOURCE;
				MTL_FAST_MATH = YES;
				ONLY_ACTIVE_ARCH = YES;
				SDKROOT = iphoneos;
				SWIFT_ACTIVE_COMPILATION_CONDITIONS = DEBUG;
				SWIFT_OPTIMIZATION_LEVEL = "-Onone";
			};
			name = Debug;
		};
		BDEB1ABB27E4DCE4005F0C56 /* Release */ = {
			isa = XCBuildConfiguration;
			buildSettings = {
				ALWAYS_SEARCH_USER_PATHS = NO;
				CLANG_ANALYZER_NONNULL = YES;
				CLANG_ANALYZER_NUMBER_OBJECT_CONVERSION = YES_AGGRESSIVE;
				CLANG_CXX_LANGUAGE_STANDARD = "gnu++17";
				CLANG_CXX_LIBRARY = "libc++";
				CLANG_ENABLE_MODULES = YES;
				CLANG_ENABLE_OBJC_ARC = YES;
				CLANG_ENABLE_OBJC_WEAK = YES;
				CLANG_WARN_BLOCK_CAPTURE_AUTORELEASING = YES;
				CLANG_WARN_BOOL_CONVERSION = YES;
				CLANG_WARN_COMMA = YES;
				CLANG_WARN_CONSTANT_CONVERSION = YES;
				CLANG_WARN_DEPRECATED_OBJC_IMPLEMENTATIONS = YES;
				CLANG_WARN_DIRECT_OBJC_ISA_USAGE = YES_ERROR;
				CLANG_WARN_DOCUMENTATION_COMMENTS = YES;
				CLANG_WARN_EMPTY_BODY = YES;
				CLANG_WARN_ENUM_CONVERSION = YES;
				CLANG_WARN_INFINITE_RECURSION = YES;
				CLANG_WARN_INT_CONVERSION = YES;
				CLANG_WARN_NON_LITERAL_NULL_CONVERSION = YES;
				CLANG_WARN_OBJC_IMPLICIT_RETAIN_SELF = YES;
				CLANG_WARN_OBJC_LITERAL_CONVERSION = YES;
				CLANG_WARN_OBJC_ROOT_CLASS = YES_ERROR;
				CLANG_WARN_QUOTED_INCLUDE_IN_FRAMEWORK_HEADER = YES;
				CLANG_WARN_RANGE_LOOP_ANALYSIS = YES;
				CLANG_WARN_STRICT_PROTOTYPES = YES;
				CLANG_WARN_SUSPICIOUS_MOVE = YES;
				CLANG_WARN_UNGUARDED_AVAILABILITY = YES_AGGRESSIVE;
				CLANG_WARN_UNREACHABLE_CODE = YES;
				CLANG_WARN__DUPLICATE_METHOD_MATCH = YES;
				COPY_PHASE_STRIP = NO;
				DEBUG_INFORMATION_FORMAT = "dwarf-with-dsym";
				ENABLE_NS_ASSERTIONS = NO;
				ENABLE_STRICT_OBJC_MSGSEND = YES;
				GCC_C_LANGUAGE_STANDARD = gnu11;
				GCC_NO_COMMON_BLOCKS = YES;
				GCC_WARN_64_TO_32_BIT_CONVERSION = YES;
				GCC_WARN_ABOUT_RETURN_TYPE = YES_ERROR;
				GCC_WARN_UNDECLARED_SELECTOR = YES;
				GCC_WARN_UNINITIALIZED_AUTOS = YES_AGGRESSIVE;
				GCC_WARN_UNUSED_FUNCTION = YES;
				GCC_WARN_UNUSED_VARIABLE = YES;
				IPHONEOS_DEPLOYMENT_TARGET = 15.2;
				MTL_ENABLE_DEBUG_INFO = NO;
				MTL_FAST_MATH = YES;
				SDKROOT = iphoneos;
				SWIFT_COMPILATION_MODE = wholemodule;
				SWIFT_OPTIMIZATION_LEVEL = "-O";
				VALIDATE_PRODUCT = YES;
			};
			name = Release;
		};
		BDEB1ABD27E4DCE4005F0C56 /* Debug */ = {
			isa = XCBuildConfiguration;
			buildSettings = {
				ASSETCATALOG_COMPILER_APPICON_NAME = AppIcon;
				ASSETCATALOG_COMPILER_GLOBAL_ACCENT_COLOR_NAME = AccentColor;
				CODE_SIGN_STYLE = Automatic;
				CURRENT_PROJECT_VERSION = 1;
				DEVELOPMENT_TEAM = BQBJ6NTPEG;
				ENABLE_PREVIEWS = YES;
				GENERATE_INFOPLIST_FILE = YES;
				INFOPLIST_KEY_UIApplicationSceneManifest_Generation = YES;
				INFOPLIST_KEY_UIApplicationSupportsIndirectInputEvents = YES;
				INFOPLIST_KEY_UILaunchScreen_Generation = YES;
				INFOPLIST_KEY_UISupportedInterfaceOrientations_iPad = "UIInterfaceOrientationPortrait UIInterfaceOrientationPortraitUpsideDown UIInterfaceOrientationLandscapeLeft UIInterfaceOrientationLandscapeRight";
				INFOPLIST_KEY_UISupportedInterfaceOrientations_iPhone = "UIInterfaceOrientationPortrait UIInterfaceOrientationLandscapeLeft UIInterfaceOrientationLandscapeRight";
				LD_RUNPATH_SEARCH_PATHS = (
					"$(inherited)",
					"@executable_path/Frameworks",
				);
				MARKETING_VERSION = 1.0;
				PRODUCT_BUNDLE_IDENTIFIER = com.fyper.Normal;
				PRODUCT_NAME = "$(TARGET_NAME)";
				SWIFT_EMIT_LOC_STRINGS = YES;
				SWIFT_VERSION = 5.0;
				TARGETED_DEVICE_FAMILY = "1,2";
			};
			name = Debug;
		};
		BDEB1ABE27E4DCE4005F0C56 /* Release */ = {
			isa = XCBuildConfiguration;
			buildSettings = {
				ASSETCATALOG_COMPILER_APPICON_NAME = AppIcon;
				ASSETCATALOG_COMPILER_GLOBAL_ACCENT_COLOR_NAME = AccentColor;
				CODE_SIGN_STYLE = Automatic;
				CURRENT_PROJECT_VERSION = 1;
				DEVELOPMENT_TEAM = BQBJ6NTPEG;
				ENABLE_PREVIEWS = YES;
				GENERATE_INFOPLIST_FILE = YES;
				INFOPLIST_KEY_UIApplicationSceneManifest_Generation = YES;
				INFOPLIST_KEY_UIApplicationSupportsIndirectInputEvents = YES;
				INFOPLIST_KEY_UILaunchScreen_Generation = YES;
				INFOPLIST_KEY_UISupportedInterfaceOrientations_iPad = "UIInterfaceOrientationPortrait UIInterfaceOrientationPortraitUpsideDown UIInterfaceOrientationLandscapeLeft UIInterfaceOrientationLandscapeRight";
				INFOPLIST_KEY_UISupportedInterfaceOrientations_iPhone = "UIInterfaceOrientationPortrait UIInterfaceOrientationLandscapeLeft UIInterfaceOrientationLandscapeRight";
				LD_RUNPATH_SEARCH_PATHS = (
					"$(inherited)",
					"@executable_path/Frameworks",
				);
				MARKETING_VERSION = 1.0;
				PRODUCT_BUNDLE_IDENTIFIER = com.fyper.Normal;
				PRODUCT_NAME = "$(TARGET_NAME)";
				SWIFT_EMIT_LOC_STRINGS = YES;
				SWIFT_VERSION = 5.0;
				TARGETED_DEVICE_FAMILY = "1,2";
			};
			name = Release;
		};
/* End XCBuildConfiguration section */

/* Begin XCConfigurationList section */
		BDEB1AA927E4DCE1005F0C56 /* Build configuration list for PBXProject "Normal" */ = {
			isa = XCConfigurationList;
			buildConfigurations = (
				BDEB1ABA27E4DCE4005F0C56 /* Debug */,
				BDEB1ABB27E4DCE4005F0C56 /* Release */,
			);
			defaultConfigurationIsVisible = 0;
			defaultConfigurationName = Release;
		};
		BDEB1ABC27E4DCE4005F0C56 /* Build configuration list for PBXNativeTarget "Normal" */ = {
			isa = XCConfigurationList;
			buildConfigurations = (
				BDEB1ABD27E4DCE4005F0C56 /* Debug */,
				BDEB1ABE27E4DCE4005F0C56 /* Release */,
			);
			defaultConfigurationIsVisible = 0;
			defaultConfigurationName = Release;
		};
/* End XCConfigurationList section */
	};
	rootObject = BDEB1AA627E4DCE1005F0C56 /* Project object */;
}
