// !$*UTF8*$!
{
	archiveVersion = 1;
	classes = {
	};
	objectVersion = 55;
	objects = {

/* Begin PBXBuildFile section */
		BDEB1B0027E4DD66005F0C56 /* HybridApp.swift in Sources */ = {isa = PBXBuildFile; fileRef = BDEB1AFF27E4DD66005F0C56 /* HybridApp.swift */; };
		BDEB1B0427E4DD67005F0C56 /* Assets.xcassets in Resources */ = {isa = PBXBuildFile; fileRef = BDEB1B0327E4DD67005F0C56 /* Assets.xcassets */; };
		BDEB1B1527E4E48E005F0C56 /* Resolver in Frameworks */ = {isa = PBXBuildFile; productRef = BDEB1B1427E4E48E005F0C56 /* Resolver */; };
		BDEB1B3927E4E633005F0C56 /* Shared.framework in Frameworks */ = {isa = PBXBuildFile; fileRef = BDEB1B3827E4E633005F0C56 /* Shared.framework */; };
		BDEB1B3A27E4E633005F0C56 /* Shared.framework in Embed Frameworks */ = {isa = PBXBuildFile; fileRef = BDEB1B3827E4E633005F0C56 /* Shared.framework */; settings = {ATTRIBUTES = (CodeSignOnCopy, RemoveHeadersOnCopy, ); }; };
		BDEB1B7B27E5CF9A005F0C56 /* AppDelegate.swift in Sources */ = {isa = PBXBuildFile; fileRef = BDEB1B7427E5CF9A005F0C56 /* AppDelegate.swift */; };
		BDEB1B7C27E5CF9A005F0C56 /* MasterView.swift in Sources */ = {isa = PBXBuildFile; fileRef = BDEB1B7A27E5CF9A005F0C56 /* MasterView.swift */; };
		BDEB1B7D27E5CF9A005F0C56 /* DetailView.swift in Sources */ = {isa = PBXBuildFile; fileRef = BDEB1B7927E5CF9A005F0C56 /* DetailView.swift */; };
		BDEB1B7E27E5CF9A005F0C56 /* DetailViewModel.swift in Sources */ = {isa = PBXBuildFile; fileRef = BDEB1B7727E5CF9A005F0C56 /* DetailViewModel.swift */; };
		BDEB1B7F27E5CF9A005F0C56 /* MasterViewModel.swift in Sources */ = {isa = PBXBuildFile; fileRef = BDEB1B7627E5CF9A005F0C56 /* MasterViewModel.swift */; };
		BDEB1B8127E5DE80005F0C56 /* FyperGenerated.swift in Sources */ = {isa = PBXBuildFile; fileRef = BDEB1B8027E5DE80005F0C56 /* FyperGenerated.swift */; };
/* End PBXBuildFile section */

/* Begin PBXCopyFilesBuildPhase section */
		BDEB1B3B27E4E633005F0C56 /* Embed Frameworks */ = {
			isa = PBXCopyFilesBuildPhase;
			buildActionMask = 2147483647;
			dstPath = "";
			dstSubfolderSpec = 10;
			files = (
				BDEB1B3A27E4E633005F0C56 /* Shared.framework in Embed Frameworks */,
			);
			name = "Embed Frameworks";
			runOnlyForDeploymentPostprocessing = 0;
		};
/* End PBXCopyFilesBuildPhase section */

/* Begin PBXFileReference section */
		BDEB1AFC27E4DD66005F0C56 /* Hybrid.app */ = {isa = PBXFileReference; explicitFileType = wrapper.application; includeInIndex = 0; path = Hybrid.app; sourceTree = BUILT_PRODUCTS_DIR; };
		BDEB1AFF27E4DD66005F0C56 /* HybridApp.swift */ = {isa = PBXFileReference; lastKnownFileType = sourcecode.swift; path = HybridApp.swift; sourceTree = "<group>"; };
		BDEB1B0327E4DD67005F0C56 /* Assets.xcassets */ = {isa = PBXFileReference; lastKnownFileType = folder.assetcatalog; path = Assets.xcassets; sourceTree = "<group>"; };
		BDEB1B3127E4E615005F0C56 /* Shared.framework */ = {isa = PBXFileReference; explicitFileType = wrapper.framework; path = Shared.framework; sourceTree = BUILT_PRODUCTS_DIR; };
		BDEB1B3827E4E633005F0C56 /* Shared.framework */ = {isa = PBXFileReference; explicitFileType = wrapper.framework; path = Shared.framework; sourceTree = BUILT_PRODUCTS_DIR; };
		BDEB1B7427E5CF9A005F0C56 /* AppDelegate.swift */ = {isa = PBXFileReference; lastKnownFileType = sourcecode.swift; path = AppDelegate.swift; sourceTree = "<group>"; };
		BDEB1B7627E5CF9A005F0C56 /* MasterViewModel.swift */ = {isa = PBXFileReference; lastKnownFileType = sourcecode.swift; path = MasterViewModel.swift; sourceTree = "<group>"; };
		BDEB1B7727E5CF9A005F0C56 /* DetailViewModel.swift */ = {isa = PBXFileReference; lastKnownFileType = sourcecode.swift; path = DetailViewModel.swift; sourceTree = "<group>"; };
		BDEB1B7927E5CF9A005F0C56 /* DetailView.swift */ = {isa = PBXFileReference; lastKnownFileType = sourcecode.swift; path = DetailView.swift; sourceTree = "<group>"; };
		BDEB1B7A27E5CF9A005F0C56 /* MasterView.swift */ = {isa = PBXFileReference; lastKnownFileType = sourcecode.swift; path = MasterView.swift; sourceTree = "<group>"; };
		BDEB1B8027E5DE80005F0C56 /* FyperGenerated.swift */ = {isa = PBXFileReference; fileEncoding = 4; lastKnownFileType = sourcecode.swift; path = FyperGenerated.swift; sourceTree = "<group>"; };
/* End PBXFileReference section */

/* Begin PBXFrameworksBuildPhase section */
		BDEB1AF927E4DD66005F0C56 /* Frameworks */ = {
			isa = PBXFrameworksBuildPhase;
			buildActionMask = 2147483647;
			files = (
				BDEB1B1527E4E48E005F0C56 /* Resolver in Frameworks */,
				BDEB1B3927E4E633005F0C56 /* Shared.framework in Frameworks */,
			);
			runOnlyForDeploymentPostprocessing = 0;
		};
/* End PBXFrameworksBuildPhase section */

/* Begin PBXGroup section */
		BDEB1AF327E4DD66005F0C56 = {
			isa = PBXGroup;
			children = (
				BDEB1AFE27E4DD66005F0C56 /* Hybrid */,
				BDEB1AFD27E4DD66005F0C56 /* Products */,
				BDEB1B3027E4E615005F0C56 /* Frameworks */,
			);
			sourceTree = "<group>";
		};
		BDEB1AFD27E4DD66005F0C56 /* Products */ = {
			isa = PBXGroup;
			children = (
				BDEB1AFC27E4DD66005F0C56 /* Hybrid.app */,
			);
			name = Products;
			sourceTree = "<group>";
		};
		BDEB1AFE27E4DD66005F0C56 /* Hybrid */ = {
			isa = PBXGroup;
			children = (
				BDEB1B5227E4F570005F0C56 /* Generated */,
				BDEB1AFF27E4DD66005F0C56 /* HybridApp.swift */,
				BDEB1B7427E5CF9A005F0C56 /* AppDelegate.swift */,
				BDEB1B7827E5CF9A005F0C56 /* Views */,
				BDEB1B7527E5CF9A005F0C56 /* View Models */,
				BDEB1B0327E4DD67005F0C56 /* Assets.xcassets */,
			);
			path = Hybrid;
			sourceTree = "<group>";
		};
		BDEB1B3027E4E615005F0C56 /* Frameworks */ = {
			isa = PBXGroup;
			children = (
				BDEB1B3827E4E633005F0C56 /* Shared.framework */,
				BDEB1B3127E4E615005F0C56 /* Shared.framework */,
			);
			name = Frameworks;
			sourceTree = "<group>";
		};
		BDEB1B5227E4F570005F0C56 /* Generated */ = {
			isa = PBXGroup;
			children = (
				BDEB1B8027E5DE80005F0C56 /* FyperGenerated.swift */,
			);
			path = Generated;
			sourceTree = "<group>";
		};
		BDEB1B7527E5CF9A005F0C56 /* View Models */ = {
			isa = PBXGroup;
			children = (
				BDEB1B7627E5CF9A005F0C56 /* MasterViewModel.swift */,
				BDEB1B7727E5CF9A005F0C56 /* DetailViewModel.swift */,
			);
			path = "View Models";
			sourceTree = "<group>";
		};
		BDEB1B7827E5CF9A005F0C56 /* Views */ = {
			isa = PBXGroup;
			children = (
				BDEB1B7A27E5CF9A005F0C56 /* MasterView.swift */,
				BDEB1B7927E5CF9A005F0C56 /* DetailView.swift */,
			);
			path = Views;
			sourceTree = "<group>";
		};
/* End PBXGroup section */

/* Begin PBXNativeTarget section */
		BDEB1AFB27E4DD66005F0C56 /* Hybrid */ = {
			isa = PBXNativeTarget;
			buildConfigurationList = BDEB1B0A27E4DD67005F0C56 /* Build configuration list for PBXNativeTarget "Hybrid" */;
			buildPhases = (
				BDEB1B5527E4F743005F0C56 /* Dependency Injection */,
				BDEB1AF827E4DD66005F0C56 /* Sources */,
				BDEB1AF927E4DD66005F0C56 /* Frameworks */,
				BDEB1AFA27E4DD66005F0C56 /* Resources */,
				BDEB1B3B27E4E633005F0C56 /* Embed Frameworks */,
			);
			buildRules = (
			);
			dependencies = (
			);
			name = Hybrid;
			packageProductDependencies = (
				BDEB1B1427E4E48E005F0C56 /* Resolver */,
			);
			productName = Hybrid;
			productReference = BDEB1AFC27E4DD66005F0C56 /* Hybrid.app */;
			productType = "com.apple.product-type.application";
		};
/* End PBXNativeTarget section */

/* Begin PBXProject section */
		BDEB1AF427E4DD66005F0C56 /* Project object */ = {
			isa = PBXProject;
			attributes = {
				BuildIndependentTargetsInParallel = 1;
				LastSwiftUpdateCheck = 1320;
				LastUpgradeCheck = 1320;
				TargetAttributes = {
					BDEB1AFB27E4DD66005F0C56 = {
						CreatedOnToolsVersion = 13.2.1;
					};
				};
			};
			buildConfigurationList = BDEB1AF727E4DD66005F0C56 /* Build configuration list for PBXProject "Hybrid" */;
			compatibilityVersion = "Xcode 13.0";
			developmentRegion = en;
			hasScannedForEncodings = 0;
			knownRegions = (
				en,
				Base,
			);
			mainGroup = BDEB1AF327E4DD66005F0C56;
			packageReferences = (
				BDEB1B1327E4E48E005F0C56 /* XCRemoteSwiftPackageReference "Resolver" */,
			);
			productRefGroup = BDEB1AFD27E4DD66005F0C56 /* Products */;
			projectDirPath = "";
			projectRoot = "";
			targets = (
				BDEB1AFB27E4DD66005F0C56 /* Hybrid */,
			);
		};
/* End PBXProject section */

/* Begin PBXResourcesBuildPhase section */
		BDEB1AFA27E4DD66005F0C56 /* Resources */ = {
			isa = PBXResourcesBuildPhase;
			buildActionMask = 2147483647;
			files = (
				BDEB1B0427E4DD67005F0C56 /* Assets.xcassets in Resources */,
			);
			runOnlyForDeploymentPostprocessing = 0;
		};
/* End PBXResourcesBuildPhase section */

/* Begin PBXShellScriptBuildPhase section */
		BDEB1B5527E4F743005F0C56 /* Dependency Injection */ = {
			isa = PBXShellScriptBuildPhase;
			buildActionMask = 2147483647;
			files = (
			);
			inputFileListPaths = (
			);
			inputPaths = (
			);
			name = "Dependency Injection";
			outputFileListPaths = (
			);
			outputPaths = (
			);
			runOnlyForDeploymentPostprocessing = 0;
			shellPath = /bin/sh;
			shellScript = "# Type a script or drag a script file from your workspace to insert its path.\n/Users/mourke/Library/Developer/Xcode/DerivedData/Resolver-adkubiylcouzqefynicpyobyovvp/Build/Products/Debug/Dynamic generate -o Hybrid/Generated -s Hybrid -i Shared\n";
		};
/* End PBXShellScriptBuildPhase section */

/* Begin PBXSourcesBuildPhase section */
		BDEB1AF827E4DD66005F0C56 /* Sources */ = {
			isa = PBXSourcesBuildPhase;
			buildActionMask = 2147483647;
			files = (
				BDEB1B7C27E5CF9A005F0C56 /* MasterView.swift in Sources */,
				BDEB1B7D27E5CF9A005F0C56 /* DetailView.swift in Sources */,
				BDEB1B7B27E5CF9A005F0C56 /* AppDelegate.swift in Sources */,
				BDEB1B7E27E5CF9A005F0C56 /* DetailViewModel.swift in Sources */,
				BDEB1B7F27E5CF9A005F0C56 /* MasterViewModel.swift in Sources */,
				BDEB1B8127E5DE80005F0C56 /* FyperGenerated.swift in Sources */,
				BDEB1B0027E4DD66005F0C56 /* HybridApp.swift in Sources */,
			);
			runOnlyForDeploymentPostprocessing = 0;
		};
/* End PBXSourcesBuildPhase section */

/* Begin XCBuildConfiguration section */
		BDEB1B0827E4DD67005F0C56 /* Debug */ = {
			isa = XCBuildConfiguration;
			buildSettings = {
				ALWAYS_SEARCH_USER_PATHS = NO;
				CLANG_ANALYZER_NONNULL = YES;
				CLANG_ANALYZER_NUMBER_OBJECT_CONVERSION = YES_AGGRESSIVE;
				CLANG_CXX_LANGUAGE_STANDARD = "gnu++17";
				CLANG_CXX_LIBRARY = "libc++";
				CLANG_ENABLE_MODULES = YES;
				CLANG_ENABLE_OBJC_ARC = YES;
				CLANG_ENABLE_OBJC_WEAK = YES;
				CLANG_WARN_BLOCK_CAPTURE_AUTORELEASING = YES;
				CLANG_WARN_BOOL_CONVERSION = YES;
				CLANG_WARN_COMMA = YES;
				CLANG_WARN_CONSTANT_CONVERSION = YES;
				CLANG_WARN_DEPRECATED_OBJC_IMPLEMENTATIONS = YES;
				CLANG_WARN_DIRECT_OBJC_ISA_USAGE = YES_ERROR;
				CLANG_WARN_DOCUMENTATION_COMMENTS = YES;
				CLANG_WARN_EMPTY_BODY = YES;
				CLANG_WARN_ENUM_CONVERSION = YES;
				CLANG_WARN_INFINITE_RECURSION = YES;
				CLANG_WARN_INT_CONVERSION = YES;
				CLANG_WARN_NON_LITERAL_NULL_CONVERSION = YES;
				CLANG_WARN_OBJC_IMPLICIT_RETAIN_SELF = YES;
				CLANG_WARN_OBJC_LITERAL_CONVERSION = YES;
				CLANG_WARN_OBJC_ROOT_CLASS = YES_ERROR;
				CLANG_WARN_QUOTED_INCLUDE_IN_FRAMEWORK_HEADER = YES;
				CLANG_WARN_RANGE_LOOP_ANALYSIS = YES;
				CLANG_WARN_STRICT_PROTOTYPES = YES;
				CLANG_WARN_SUSPICIOUS_MOVE = YES;
				CLANG_WARN_UNGUARDED_AVAILABILITY = YES_AGGRESSIVE;
				CLANG_WARN_UNREACHABLE_CODE = YES;
				CLANG_WARN__DUPLICATE_METHOD_MATCH = YES;
				COPY_PHASE_STRIP = NO;
				DEBUG_INFORMATION_FORMAT = dwarf;
				ENABLE_STRICT_OBJC_MSGSEND = YES;
				ENABLE_TESTABILITY = YES;
				GCC_C_LANGUAGE_STANDARD = gnu11;
				GCC_DYNAMIC_NO_PIC = NO;
				GCC_NO_COMMON_BLOCKS = YES;
				GCC_OPTIMIZATION_LEVEL = 0;
				GCC_PREPROCESSOR_DEFINITIONS = (
					"DEBUG=1",
					"$(inherited)",
				);
				GCC_WARN_64_TO_32_BIT_CONVERSION = YES;
				GCC_WARN_ABOUT_RETURN_TYPE = YES_ERROR;
				GCC_WARN_UNDECLARED_SELECTOR = YES;
				GCC_WARN_UNINITIALIZED_AUTOS = YES_AGGRESSIVE;
				GCC_WARN_UNUSED_FUNCTION = YES;
				GCC_WARN_UNUSED_VARIABLE = YES;
				IPHONEOS_DEPLOYMENT_TARGET = 15.2;
				MTL_ENABLE_DEBUG_INFO = INCLUDE_SOURCE;
				MTL_FAST_MATH = YES;
				ONLY_ACTIVE_ARCH = YES;
				SDKROOT = iphoneos;
				SWIFT_ACTIVE_COMPILATION_CONDITIONS = DEBUG;
				SWIFT_OPTIMIZATION_LEVEL = "-Onone";
			};
			name = Debug;
		};
		BDEB1B0927E4DD67005F0C56 /* Release */ = {
			isa = XCBuildConfiguration;
			buildSettings = {
				ALWAYS_SEARCH_USER_PATHS = NO;
				CLANG_ANALYZER_NONNULL = YES;
				CLANG_ANALYZER_NUMBER_OBJECT_CONVERSION = YES_AGGRESSIVE;
				CLANG_CXX_LANGUAGE_STANDARD = "gnu++17";
				CLANG_CXX_LIBRARY = "libc++";
				CLANG_ENABLE_MODULES = YES;
				CLANG_ENABLE_OBJC_ARC = YES;
				CLANG_ENABLE_OBJC_WEAK = YES;
				CLANG_WARN_BLOCK_CAPTURE_AUTORELEASING = YES;
				CLANG_WARN_BOOL_CONVERSION = YES;
				CLANG_WARN_COMMA = YES;
				CLANG_WARN_CONSTANT_CONVERSION = YES;
				CLANG_WARN_DEPRECATED_OBJC_IMPLEMENTATIONS = YES;
				CLANG_WARN_DIRECT_OBJC_ISA_USAGE = YES_ERROR;
				CLANG_WARN_DOCUMENTATION_COMMENTS = YES;
				CLANG_WARN_EMPTY_BODY = YES;
				CLANG_WARN_ENUM_CONVERSION = YES;
				CLANG_WARN_INFINITE_RECURSION = YES;
				CLANG_WARN_INT_CONVERSION = YES;
				CLANG_WARN_NON_LITERAL_NULL_CONVERSION = YES;
				CLANG_WARN_OBJC_IMPLICIT_RETAIN_SELF = YES;
				CLANG_WARN_OBJC_LITERAL_CONVERSION = YES;
				CLANG_WARN_OBJC_ROOT_CLASS = YES_ERROR;
				CLANG_WARN_QUOTED_INCLUDE_IN_FRAMEWORK_HEADER = YES;
				CLANG_WARN_RANGE_LOOP_ANALYSIS = YES;
				CLANG_WARN_STRICT_PROTOTYPES = YES;
				CLANG_WARN_SUSPICIOUS_MOVE = YES;
				CLANG_WARN_UNGUARDED_AVAILABILITY = YES_AGGRESSIVE;
				CLANG_WARN_UNREACHABLE_CODE = YES;
				CLANG_WARN__DUPLICATE_METHOD_MATCH = YES;
				COPY_PHASE_STRIP = NO;
				DEBUG_INFORMATION_FORMAT = "dwarf-with-dsym";
				ENABLE_NS_ASSERTIONS = NO;
				ENABLE_STRICT_OBJC_MSGSEND = YES;
				GCC_C_LANGUAGE_STANDARD = gnu11;
				GCC_NO_COMMON_BLOCKS = YES;
				GCC_WARN_64_TO_32_BIT_CONVERSION = YES;
				GCC_WARN_ABOUT_RETURN_TYPE = YES_ERROR;
				GCC_WARN_UNDECLARED_SELECTOR = YES;
				GCC_WARN_UNINITIALIZED_AUTOS = YES_AGGRESSIVE;
				GCC_WARN_UNUSED_FUNCTION = YES;
				GCC_WARN_UNUSED_VARIABLE = YES;
				IPHONEOS_DEPLOYMENT_TARGET = 15.2;
				MTL_ENABLE_DEBUG_INFO = NO;
				MTL_FAST_MATH = YES;
				SDKROOT = iphoneos;
				SWIFT_COMPILATION_MODE = wholemodule;
				SWIFT_OPTIMIZATION_LEVEL = "-O";
				VALIDATE_PRODUCT = YES;
			};
			name = Release;
		};
		BDEB1B0B27E4DD67005F0C56 /* Debug */ = {
			isa = XCBuildConfiguration;
			buildSettings = {
				ASSETCATALOG_COMPILER_APPICON_NAME = AppIcon;
				ASSETCATALOG_COMPILER_GLOBAL_ACCENT_COLOR_NAME = AccentColor;
				CODE_SIGN_STYLE = Automatic;
				CURRENT_PROJECT_VERSION = 1;
				DEVELOPMENT_TEAM = BQBJ6NTPEG;
				ENABLE_PREVIEWS = YES;
				GENERATE_INFOPLIST_FILE = YES;
				INFOPLIST_KEY_UIApplicationSceneManifest_Generation = YES;
				INFOPLIST_KEY_UIApplicationSupportsIndirectInputEvents = YES;
				INFOPLIST_KEY_UILaunchScreen_Generation = YES;
				INFOPLIST_KEY_UISupportedInterfaceOrientations_iPad = "UIInterfaceOrientationPortrait UIInterfaceOrientationPortraitUpsideDown UIInterfaceOrientationLandscapeLeft UIInterfaceOrientationLandscapeRight";
				INFOPLIST_KEY_UISupportedInterfaceOrientations_iPhone = "UIInterfaceOrientationPortrait UIInterfaceOrientationLandscapeLeft UIInterfaceOrientationLandscapeRight";
				LD_RUNPATH_SEARCH_PATHS = (
					"$(inherited)",
					"@executable_path/Frameworks",
				);
				MARKETING_VERSION = 1.0;
				PRODUCT_BUNDLE_IDENTIFIER = com.fyper.Hybrid;
				PRODUCT_NAME = "$(TARGET_NAME)";
				SWIFT_EMIT_LOC_STRINGS = YES;
				SWIFT_VERSION = 5.0;
				TARGETED_DEVICE_FAMILY = "1,2";
			};
			name = Debug;
		};
		BDEB1B0C27E4DD67005F0C56 /* Release */ = {
			isa = XCBuildConfiguration;
			buildSettings = {
				ASSETCATALOG_COMPILER_APPICON_NAME = AppIcon;
				ASSETCATALOG_COMPILER_GLOBAL_ACCENT_COLOR_NAME = AccentColor;
				CODE_SIGN_STYLE = Automatic;
				CURRENT_PROJECT_VERSION = 1;
				DEVELOPMENT_TEAM = BQBJ6NTPEG;
				ENABLE_PREVIEWS = YES;
				GENERATE_INFOPLIST_FILE = YES;
				INFOPLIST_KEY_UIApplicationSceneManifest_Generation = YES;
				INFOPLIST_KEY_UIApplicationSupportsIndirectInputEvents = YES;
				INFOPLIST_KEY_UILaunchScreen_Generation = YES;
				INFOPLIST_KEY_UISupportedInterfaceOrientations_iPad = "UIInterfaceOrientationPortrait UIInterfaceOrientationPortraitUpsideDown UIInterfaceOrientationLandscapeLeft UIInterfaceOrientationLandscapeRight";
				INFOPLIST_KEY_UISupportedInterfaceOrientations_iPhone = "UIInterfaceOrientationPortrait UIInterfaceOrientationLandscapeLeft UIInterfaceOrientationLandscapeRight";
				LD_RUNPATH_SEARCH_PATHS = (
					"$(inherited)",
					"@executable_path/Frameworks",
				);
				MARKETING_VERSION = 1.0;
				PRODUCT_BUNDLE_IDENTIFIER = com.fyper.Hybrid;
				PRODUCT_NAME = "$(TARGET_NAME)";
				SWIFT_EMIT_LOC_STRINGS = YES;
				SWIFT_VERSION = 5.0;
				TARGETED_DEVICE_FAMILY = "1,2";
			};
			name = Release;
		};
/* End XCBuildConfiguration section */

/* Begin XCConfigurationList section */
		BDEB1AF727E4DD66005F0C56 /* Build configuration list for PBXProject "Hybrid" */ = {
			isa = XCConfigurationList;
			buildConfigurations = (
				BDEB1B0827E4DD67005F0C56 /* Debug */,
				BDEB1B0927E4DD67005F0C56 /* Release */,
			);
			defaultConfigurationIsVisible = 0;
			defaultConfigurationName = Release;
		};
		BDEB1B0A27E4DD67005F0C56 /* Build configuration list for PBXNativeTarget "Hybrid" */ = {
			isa = XCConfigurationList;
			buildConfigurations = (
				BDEB1B0B27E4DD67005F0C56 /* Debug */,
				BDEB1B0C27E4DD67005F0C56 /* Release */,
			);
			defaultConfigurationIsVisible = 0;
			defaultConfigurationName = Release;
		};
/* End XCConfigurationList section */

/* Begin XCRemoteSwiftPackageReference section */
		BDEB1B1327E4E48E005F0C56 /* XCRemoteSwiftPackageReference "Resolver" */ = {
			isa = XCRemoteSwiftPackageReference;
			repositoryURL = "https://github.com/hmlongco/Resolver";
			requirement = {
				kind = upToNextMajorVersion;
				minimumVersion = 1.0.0;
			};
		};
/* End XCRemoteSwiftPackageReference section */

/* Begin XCSwiftPackageProductDependency section */
		BDEB1B1427E4E48E005F0C56 /* Resolver */ = {
			isa = XCSwiftPackageProductDependency;
			package = BDEB1B1327E4E48E005F0C56 /* XCRemoteSwiftPackageReference "Resolver" */;
			productName = Resolver;
		};
/* End XCSwiftPackageProductDependency section */
	};
	rootObject = BDEB1AF427E4DD66005F0C56 /* Project object */;
}
