{
  "object": {
    "pins": [
      {
        "package": "NeedleFoundation",
        "repositoryURL": "https://github.com/uber/needle",
        "state": {
          "branch": "master",
          "revision": "847fd0f38e76a041d4d9ca1c931db334021e3525",
          "version": null
        }
      },
      {
        "package": "Resolver",
        "repositoryURL": "https://github.com/hmlongco/Resolver",
        "state": {
          "branch": null,
          "revision": "97de0b0320036607564af4a60025b48f8d041221",
          "version": "1.5.0"
        }
      }
    ]
  },
  "version": 1
}
